
Microsoft Visual Studio Solution File, Format Version 12.00
# Visual Studio Version 17
VisualStudioVersion = 17.0.31903.59
MinimumVisualStudioVersion = 10.0.40219.1
Project("{FAE04EC0-301F-11D3-BF4B-00C04F79EFBC}") = "TollCalculator", "TollCalculator\TollCalculator.csproj", "{D95AEA8A-C479-44BB-B198-0CE16755E976}"
EndProject
Project("{FAE04EC0-301F-11D3-BF4B-00C04F79EFBC}") = "TollCalculator.Tests", "TollCalculator.Tests\TollCalculator.Tests.csproj", "{3AC37A18-E45D-4877-8248-54441132F5E9}"
EndProject
Global
	GlobalSection(SolutionConfigurationPlatforms) = preSolution
		Debug|Any CPU = Debug|Any CPU
		Release|Any CPU = Release|Any CPU
	EndGlobalSection
	GlobalSection(SolutionProperties) = preSolution
		HideSolutionNode = FALSE
	EndGlobalSection
	GlobalSection(ProjectConfigurationPlatforms) = postSolution
		{D95AEA8A-C479-44BB-B198-0CE16755E976}.Debug|Any CPU.ActiveCfg = Debug|Any CPU
		{D95AEA8A-C479-44BB-B198-0CE16755E976}.Debug|Any CPU.Build.0 = Debug|Any CPU
		{D95AEA8A-C479-44BB-B198-0CE16755E976}.Release|Any CPU.ActiveCfg = Release|Any CPU
		{D95AEA8A-C479-44BB-B198-0CE16755E976}.Release|Any CPU.Build.0 = Release|Any CPU
		{3AC37A18-E45D-4877-8248-54441132F5E9}.Debug|Any CPU.ActiveCfg = Debug|Any CPU
		{3AC37A18-E45D-4877-8248-54441132F5E9}.Debug|Any CPU.Build.0 = Debug|Any CPU
		{3AC37A18-E45D-4877-8248-54441132F5E9}.Release|Any CPU.ActiveCfg = Release|Any CPU
		{3AC37A18-E45D-4877-8248-54441132F5E9}.Release|Any CPU.Build.0 = Release|Any CPU
	EndGlobalSection
EndGlobal
